
Microsoft Visual Studio Solution File, Format Version 12.00
# Visual Studio Version 17
VisualStudioVersion = 17.5.33502.453
MinimumVisualStudioVersion = 10.0.40219.1
Project("{FAE04EC0-301F-11D3-BF4B-00C04F79EFBC}") = "Ejercicio8", "Ejercicio8.csproj", "{1DDEBBF8-7565-4553-9C68-4B7D0BC5690E}"
EndProject
Global
	GlobalSection(SolutionConfigurationPlatforms) = preSolution
		Debug|Any CPU = Debug|Any CPU
		Release|Any CPU = Release|Any CPU
	EndGlobalSection
	GlobalSection(ProjectConfigurationPlatforms) = postSolution
		{1DDEBBF8-7565-4553-9C68-4B7D0BC5690E}.Debug|Any CPU.ActiveCfg = Debug|Any CPU
		{1DDEBBF8-7565-4553-9C68-4B7D0BC5690E}.Debug|Any CPU.Build.0 = Debug|Any CPU
		{1DDEBBF8-7565-4553-9C68-4B7D0BC5690E}.Release|Any CPU.ActiveCfg = Release|Any CPU
		{1DDEBBF8-7565-4553-9C68-4B7D0BC5690E}.Release|Any CPU.Build.0 = Release|Any CPU
	EndGlobalSection
	GlobalSection(SolutionProperties) = preSolution
		HideSolutionNode = FALSE
	EndGlobalSection
	GlobalSection(ExtensibilityGlobals) = postSolution
		SolutionGuid = {BB4796F8-F1E3-413D-971F-9D8C33D05E18}
	EndGlobalSection
EndGlobal
